
Microsoft Visual Studio Solution File, Format Version 12.00
# Visual Studio Version 16
VisualStudioVersion = 16.0.30413.136
MinimumVisualStudioVersion = 10.0.40219.1
Project("{FAE04EC0-301F-11D3-BF4B-00C04F79EFBC}") = "PlayMusic", "PlayMusic.csproj", "{38D031CF-AF0B-4C6D-A24A-60934D6C3227}"
EndProject
Project("{54435603-DBB4-11D2-8724-00A0C9A8B90C}") = "Play Music", "..\Play Music\Play Music.vdproj", "{FFF5C437-29AA-4870-B090-8C963384CA49}"
EndProject
Global
	GlobalSection(SolutionConfigurationPlatforms) = preSolution
		Debug|Any CPU = Debug|Any CPU
		Debug|x86 = Debug|x86
		Release|Any CPU = Release|Any CPU
		Release|x86 = Release|x86
	EndGlobalSection
	GlobalSection(ProjectConfigurationPlatforms) = postSolution
		{38D031CF-AF0B-4C6D-A24A-60934D6C3227}.Debug|Any CPU.ActiveCfg = Debug|Any CPU
		{38D031CF-AF0B-4C6D-A24A-60934D6C3227}.Debug|Any CPU.Build.0 = Debug|Any CPU
		{38D031CF-AF0B-4C6D-A24A-60934D6C3227}.Debug|x86.ActiveCfg = Debug|x86
		{38D031CF-AF0B-4C6D-A24A-60934D6C3227}.Debug|x86.Build.0 = Debug|x86
		{38D031CF-AF0B-4C6D-A24A-60934D6C3227}.Release|Any CPU.ActiveCfg = Release|Any CPU
		{38D031CF-AF0B-4C6D-A24A-60934D6C3227}.Release|Any CPU.Build.0 = Release|Any CPU
		{38D031CF-AF0B-4C6D-A24A-60934D6C3227}.Release|x86.ActiveCfg = Release|x86
		{38D031CF-AF0B-4C6D-A24A-60934D6C3227}.Release|x86.Build.0 = Release|x86
		{FFF5C437-29AA-4870-B090-8C963384CA49}.Debug|Any CPU.ActiveCfg = Debug
		{FFF5C437-29AA-4870-B090-8C963384CA49}.Debug|x86.ActiveCfg = Debug
		{FFF5C437-29AA-4870-B090-8C963384CA49}.Release|Any CPU.ActiveCfg = Release
		{FFF5C437-29AA-4870-B090-8C963384CA49}.Release|x86.ActiveCfg = Release
	EndGlobalSection
	GlobalSection(SolutionProperties) = preSolution
		HideSolutionNode = FALSE
	EndGlobalSection
	GlobalSection(ExtensibilityGlobals) = postSolution
		SolutionGuid = {E208FA80-40EF-4ED6-880B-35F67D7B9A1F}
	EndGlobalSection
EndGlobal
